// !$*UTF8*$!
{
	archiveVersion = 1;
	classes = {
	};
	objectVersion = 46;
	objects = {

/* Begin PBXBuildFile section */
		A60CF8E11A9FF9D5003D26C1 /* RegistrationViewController.m in Sources */ = {isa = PBXBuildFile; fileRef = A60CF8E01A9FF9D5003D26C1 /* RegistrationViewController.m */; };
		A662EEF01A9E600F00755425 /* StatusViewController.m in Sources */ = {isa = PBXBuildFile; fileRef = A662EEEF1A9E600F00755425 /* StatusViewController.m */; };
		A662EEF31A9E75E000755425 /* CreateStatusViewController.m in Sources */ = {isa = PBXBuildFile; fileRef = A662EEF21A9E75E000755425 /* CreateStatusViewController.m */; };
		A662EEF61A9E8F7700755425 /* InteractionsModel.m in Sources */ = {isa = PBXBuildFile; fileRef = A662EEF51A9E8F7700755425 /* InteractionsModel.m */; };
		A662EEFA1A9E97EA00755425 /* HistoryCellTableViewCell.m in Sources */ = {isa = PBXBuildFile; fileRef = A662EEF81A9E97EA00755425 /* HistoryCellTableViewCell.m */; };
		A662EEFB1A9E97EA00755425 /* HistoryCellTableViewCell.xib in Resources */ = {isa = PBXBuildFile; fileRef = A662EEF91A9E97EA00755425 /* HistoryCellTableViewCell.xib */; };
		A662EF011A9EA05D00755425 /* HistoryTableViewController.m in Sources */ = {isa = PBXBuildFile; fileRef = A662EF001A9EA05D00755425 /* HistoryTableViewController.m */; };
		A662EF0A1A9EA9EA00755425 /* UIView+RoundersCorners.m in Sources */ = {isa = PBXBuildFile; fileRef = A662EF091A9EA9EA00755425 /* UIView+RoundersCorners.m */; };
		A66853D31A9E3EDA00463E06 /* KilotonModel.xcdatamodeld in Sources */ = {isa = PBXBuildFile; fileRef = A66853D11A9E3EDA00463E06 /* KilotonModel.xcdatamodeld */; };
		A66853D61A9E496E00463E06 /* SprintModel.m in Sources */ = {isa = PBXBuildFile; fileRef = A66853D51A9E496E00463E06 /* SprintModel.m */; };
		A66853DC1A9E4C4600463E06 /* Main.storyboard in Resources */ = {isa = PBXBuildFile; fileRef = A66853DB1A9E4C4600463E06 /* Main.storyboard */; };
		A68CDA5E1A9B927E00724D12 /* main.m in Sources */ = {isa = PBXBuildFile; fileRef = A68CDA5D1A9B927E00724D12 /* main.m */; };
		A68CDA611A9B927E00724D12 /* AppDelegate.m in Sources */ = {isa = PBXBuildFile; fileRef = A68CDA601A9B927E00724D12 /* AppDelegate.m */; };
		A68CDA671A9B927E00724D12 /* LoginViewController.m in Sources */ = {isa = PBXBuildFile; fileRef = A68CDA661A9B927E00724D12 /* LoginViewController.m */; };
		A68CDA6A1A9B927E00724D12 /* Login.storyboard in Resources */ = {isa = PBXBuildFile; fileRef = A68CDA681A9B927E00724D12 /* Login.storyboard */; };
		A68CDA6C1A9B927E00724D12 /* Images.xcassets in Resources */ = {isa = PBXBuildFile; fileRef = A68CDA6B1A9B927E00724D12 /* Images.xcassets */; };
		A68CDA6F1A9B927E00724D12 /* LaunchScreen.xib in Resources */ = {isa = PBXBuildFile; fileRef = A68CDA6D1A9B927E00724D12 /* LaunchScreen.xib */; };
		A68CDA7B1A9B927E00724D12 /* kilotonTests.m in Sources */ = {isa = PBXBuildFile; fileRef = A68CDA7A1A9B927E00724D12 /* kilotonTests.m */; };
		A68EB0C51A9CEB8000130C45 /* UserModel.m in Sources */ = {isa = PBXBuildFile; fileRef = A68EB0C41A9CEB8000130C45 /* UserModel.m */; };
		E087A30A4C87ABC514C59518 /* libPods.a in Frameworks */ = {isa = PBXBuildFile; fileRef = D133CF11182A05AE0F5B55BB /* libPods.a */; };
/* End PBXBuildFile section */

/* Begin PBXContainerItemProxy section */
		A68CDA751A9B927E00724D12 /* PBXContainerItemProxy */ = {
			isa = PBXContainerItemProxy;
			containerPortal = A68CDA501A9B927E00724D12 /* Project object */;
			proxyType = 1;
			remoteGlobalIDString = A68CDA571A9B927E00724D12;
			remoteInfo = kiloton;
		};
/* End PBXContainerItemProxy section */

/* Begin PBXFileReference section */
		41F698D9A20EEA210F43286C /* Pods.release.xcconfig */ = {isa = PBXFileReference; includeInIndex = 1; lastKnownFileType = text.xcconfig; name = Pods.release.xcconfig; path = "Pods/Target Support Files/Pods/Pods.release.xcconfig"; sourceTree = "<group>"; };
		A60CF8DF1A9FF9D5003D26C1 /* RegistrationViewController.h */ = {isa = PBXFileReference; fileEncoding = 4; lastKnownFileType = sourcecode.c.h; path = RegistrationViewController.h; sourceTree = "<group>"; };
		A60CF8E01A9FF9D5003D26C1 /* RegistrationViewController.m */ = {isa = PBXFileReference; fileEncoding = 4; lastKnownFileType = sourcecode.c.objc; path = RegistrationViewController.m; sourceTree = "<group>"; };
		A662EEEE1A9E600F00755425 /* StatusViewController.h */ = {isa = PBXFileReference; fileEncoding = 4; lastKnownFileType = sourcecode.c.h; path = StatusViewController.h; sourceTree = "<group>"; };
		A662EEEF1A9E600F00755425 /* StatusViewController.m */ = {isa = PBXFileReference; fileEncoding = 4; lastKnownFileType = sourcecode.c.objc; path = StatusViewController.m; sourceTree = "<group>"; };
		A662EEF11A9E75E000755425 /* CreateStatusViewController.h */ = {isa = PBXFileReference; fileEncoding = 4; lastKnownFileType = sourcecode.c.h; path = CreateStatusViewController.h; sourceTree = "<group>"; };
		A662EEF21A9E75E000755425 /* CreateStatusViewController.m */ = {isa = PBXFileReference; fileEncoding = 4; lastKnownFileType = sourcecode.c.objc; path = CreateStatusViewController.m; sourceTree = "<group>"; };
		A662EEF41A9E8F7700755425 /* InteractionsModel.h */ = {isa = PBXFileReference; fileEncoding = 4; lastKnownFileType = sourcecode.c.h; path = InteractionsModel.h; sourceTree = "<group>"; };
		A662EEF51A9E8F7700755425 /* InteractionsModel.m */ = {isa = PBXFileReference; fileEncoding = 4; lastKnownFileType = sourcecode.c.objc; path = InteractionsModel.m; sourceTree = "<group>"; };
		A662EEF71A9E97EA00755425 /* HistoryCellTableViewCell.h */ = {isa = PBXFileReference; fileEncoding = 4; lastKnownFileType = sourcecode.c.h; path = HistoryCellTableViewCell.h; sourceTree = "<group>"; };
		A662EEF81A9E97EA00755425 /* HistoryCellTableViewCell.m */ = {isa = PBXFileReference; fileEncoding = 4; lastKnownFileType = sourcecode.c.objc; path = HistoryCellTableViewCell.m; sourceTree = "<group>"; };
		A662EEF91A9E97EA00755425 /* HistoryCellTableViewCell.xib */ = {isa = PBXFileReference; fileEncoding = 4; lastKnownFileType = file.xib; path = HistoryCellTableViewCell.xib; sourceTree = "<group>"; };
		A662EEFF1A9EA05D00755425 /* HistoryTableViewController.h */ = {isa = PBXFileReference; fileEncoding = 4; lastKnownFileType = sourcecode.c.h; path = HistoryTableViewController.h; sourceTree = "<group>"; };
		A662EF001A9EA05D00755425 /* HistoryTableViewController.m */ = {isa = PBXFileReference; fileEncoding = 4; lastKnownFileType = sourcecode.c.objc; path = HistoryTableViewController.m; sourceTree = "<group>"; };
		A662EF081A9EA9EA00755425 /* UIView+RoundersCorners.h */ = {isa = PBXFileReference; fileEncoding = 4; lastKnownFileType = sourcecode.c.h; path = "UIView+RoundersCorners.h"; sourceTree = "<group>"; };
		A662EF091A9EA9EA00755425 /* UIView+RoundersCorners.m */ = {isa = PBXFileReference; fileEncoding = 4; lastKnownFileType = sourcecode.c.objc; path = "UIView+RoundersCorners.m"; sourceTree = "<group>"; };
		A66853D21A9E3EDA00463E06 /* KilotonModel.xcdatamodel */ = {isa = PBXFileReference; lastKnownFileType = wrapper.xcdatamodel; path = KilotonModel.xcdatamodel; sourceTree = "<group>"; };
		A66853D41A9E496E00463E06 /* SprintModel.h */ = {isa = PBXFileReference; fileEncoding = 4; lastKnownFileType = sourcecode.c.h; path = SprintModel.h; sourceTree = "<group>"; };
		A66853D51A9E496E00463E06 /* SprintModel.m */ = {isa = PBXFileReference; fileEncoding = 4; lastKnownFileType = sourcecode.c.objc; path = SprintModel.m; sourceTree = "<group>"; };
		A66853DB1A9E4C4600463E06 /* Main.storyboard */ = {isa = PBXFileReference; fileEncoding = 4; lastKnownFileType = file.storyboard; path = Main.storyboard; sourceTree = "<group>"; };
		A68CDA581A9B927E00724D12 /* kiloton.app */ = {isa = PBXFileReference; explicitFileType = wrapper.application; includeInIndex = 0; path = kiloton.app; sourceTree = BUILT_PRODUCTS_DIR; };
		A68CDA5C1A9B927E00724D12 /* Info.plist */ = {isa = PBXFileReference; lastKnownFileType = text.plist.xml; path = Info.plist; sourceTree = "<group>"; };
		A68CDA5D1A9B927E00724D12 /* main.m */ = {isa = PBXFileReference; lastKnownFileType = sourcecode.c.objc; path = main.m; sourceTree = "<group>"; };
		A68CDA5F1A9B927E00724D12 /* AppDelegate.h */ = {isa = PBXFileReference; lastKnownFileType = sourcecode.c.h; path = AppDelegate.h; sourceTree = "<group>"; };
		A68CDA601A9B927E00724D12 /* AppDelegate.m */ = {isa = PBXFileReference; lastKnownFileType = sourcecode.c.objc; path = AppDelegate.m; sourceTree = "<group>"; };
		A68CDA651A9B927E00724D12 /* LoginViewController.h */ = {isa = PBXFileReference; lastKnownFileType = sourcecode.c.h; path = LoginViewController.h; sourceTree = "<group>"; };
		A68CDA661A9B927E00724D12 /* LoginViewController.m */ = {isa = PBXFileReference; lastKnownFileType = sourcecode.c.objc; path = LoginViewController.m; sourceTree = "<group>"; };
		A68CDA691A9B927E00724D12 /* Base */ = {isa = PBXFileReference; lastKnownFileType = file.storyboard; name = Base; path = Base.lproj/Login.storyboard; sourceTree = "<group>"; };
		A68CDA6B1A9B927E00724D12 /* Images.xcassets */ = {isa = PBXFileReference; lastKnownFileType = folder.assetcatalog; path = Images.xcassets; sourceTree = "<group>"; };
		A68CDA6E1A9B927E00724D12 /* Base */ = {isa = PBXFileReference; lastKnownFileType = file.xib; name = Base; path = Base.lproj/LaunchScreen.xib; sourceTree = "<group>"; };
		A68CDA741A9B927E00724D12 /* kilotonTests.xctest */ = {isa = PBXFileReference; explicitFileType = wrapper.cfbundle; includeInIndex = 0; path = kilotonTests.xctest; sourceTree = BUILT_PRODUCTS_DIR; };
		A68CDA791A9B927E00724D12 /* Info.plist */ = {isa = PBXFileReference; lastKnownFileType = text.plist.xml; path = Info.plist; sourceTree = "<group>"; };
		A68CDA7A1A9B927E00724D12 /* kilotonTests.m */ = {isa = PBXFileReference; lastKnownFileType = sourcecode.c.objc; path = kilotonTests.m; sourceTree = "<group>"; };
		A68EB0C31A9CEB8000130C45 /* UserModel.h */ = {isa = PBXFileReference; fileEncoding = 4; lastKnownFileType = sourcecode.c.h; path = UserModel.h; sourceTree = "<group>"; };
		A68EB0C41A9CEB8000130C45 /* UserModel.m */ = {isa = PBXFileReference; fileEncoding = 4; lastKnownFileType = sourcecode.c.objc; path = UserModel.m; sourceTree = "<group>"; };
		D133CF11182A05AE0F5B55BB /* libPods.a */ = {isa = PBXFileReference; explicitFileType = archive.ar; includeInIndex = 0; path = libPods.a; sourceTree = BUILT_PRODUCTS_DIR; };
		DB63F5910721A1FB9DFF1C8A /* Pods.debug.xcconfig */ = {isa = PBXFileReference; includeInIndex = 1; lastKnownFileType = text.xcconfig; name = Pods.debug.xcconfig; path = "Pods/Target Support Files/Pods/Pods.debug.xcconfig"; sourceTree = "<group>"; };
/* End PBXFileReference section */

/* Begin PBXFrameworksBuildPhase section */
		A68CDA551A9B927E00724D12 /* Frameworks */ = {
			isa = PBXFrameworksBuildPhase;
			buildActionMask = 2147483647;
			files = (
				E087A30A4C87ABC514C59518 /* libPods.a in Frameworks */,
			);
			runOnlyForDeploymentPostprocessing = 0;
		};
		A68CDA711A9B927E00724D12 /* Frameworks */ = {
			isa = PBXFrameworksBuildPhase;
			buildActionMask = 2147483647;
			files = (
			);
			runOnlyForDeploymentPostprocessing = 0;
		};
/* End PBXFrameworksBuildPhase section */

/* Begin PBXGroup section */
		20D92CF11F3515E2CF959984 /* Frameworks */ = {
			isa = PBXGroup;
			children = (
				D133CF11182A05AE0F5B55BB /* libPods.a */,
			);
			name = Frameworks;
			sourceTree = "<group>";
		};
		A66853D71A9E4B6A00463E06 /* Models */ = {
			isa = PBXGroup;
			children = (
				A66853D11A9E3EDA00463E06 /* KilotonModel.xcdatamodeld */,
				A662EEF41A9E8F7700755425 /* InteractionsModel.h */,
				A662EEF51A9E8F7700755425 /* InteractionsModel.m */,
				A68EB0C31A9CEB8000130C45 /* UserModel.h */,
				A68EB0C41A9CEB8000130C45 /* UserModel.m */,
				A66853D41A9E496E00463E06 /* SprintModel.h */,
				A66853D51A9E496E00463E06 /* SprintModel.m */,
			);
			name = Models;
			sourceTree = "<group>";
		};
		A66853D81A9E4BB700463E06 /* Controllers */ = {
			isa = PBXGroup;
			children = (
				A68CDA651A9B927E00724D12 /* LoginViewController.h */,
				A68CDA661A9B927E00724D12 /* LoginViewController.m */,
				A60CF8DF1A9FF9D5003D26C1 /* RegistrationViewController.h */,
				A60CF8E01A9FF9D5003D26C1 /* RegistrationViewController.m */,
				A662EEEE1A9E600F00755425 /* StatusViewController.h */,
				A662EEEF1A9E600F00755425 /* StatusViewController.m */,
				A662EEF11A9E75E000755425 /* CreateStatusViewController.h */,
				A662EEF21A9E75E000755425 /* CreateStatusViewController.m */,
				A662EEF71A9E97EA00755425 /* HistoryCellTableViewCell.h */,
				A662EEF81A9E97EA00755425 /* HistoryCellTableViewCell.m */,
				A662EEFF1A9EA05D00755425 /* HistoryTableViewController.h */,
				A662EF001A9EA05D00755425 /* HistoryTableViewController.m */,
				A662EF081A9EA9EA00755425 /* UIView+RoundersCorners.h */,
				A662EF091A9EA9EA00755425 /* UIView+RoundersCorners.m */,
			);
			name = Controllers;
			sourceTree = "<group>";
		};
		A66853DA1A9E4BDE00463E06 /* Views */ = {
			isa = PBXGroup;
			children = (
				A68CDA681A9B927E00724D12 /* Login.storyboard */,
				A68CDA6D1A9B927E00724D12 /* LaunchScreen.xib */,
				A662EEF91A9E97EA00755425 /* HistoryCellTableViewCell.xib */,
				A66853DB1A9E4C4600463E06 /* Main.storyboard */,
			);
			name = Views;
			sourceTree = "<group>";
		};
		A68CDA4F1A9B927E00724D12 = {
			isa = PBXGroup;
			children = (
				A68CDA5A1A9B927E00724D12 /* kiloton */,
				A68CDA771A9B927E00724D12 /* kilotonTests */,
				A68CDA591A9B927E00724D12 /* Products */,
				C11FFDF4CBCED77FA9D8549F /* Pods */,
				20D92CF11F3515E2CF959984 /* Frameworks */,
			);
			sourceTree = "<group>";
		};
		A68CDA591A9B927E00724D12 /* Products */ = {
			isa = PBXGroup;
			children = (
				A68CDA581A9B927E00724D12 /* kiloton.app */,
				A68CDA741A9B927E00724D12 /* kilotonTests.xctest */,
			);
			name = Products;
			sourceTree = "<group>";
		};
		A68CDA5A1A9B927E00724D12 /* kiloton */ = {
			isa = PBXGroup;
			children = (
				A66853DA1A9E4BDE00463E06 /* Views */,
				A66853D81A9E4BB700463E06 /* Controllers */,
				A66853D71A9E4B6A00463E06 /* Models */,
				A68CDA5F1A9B927E00724D12 /* AppDelegate.h */,
				A68CDA601A9B927E00724D12 /* AppDelegate.m */,
				A68CDA6B1A9B927E00724D12 /* Images.xcassets */,
				A68CDA5B1A9B927E00724D12 /* Supporting Files */,
			);
			path = kiloton;
			sourceTree = "<group>";
		};
		A68CDA5B1A9B927E00724D12 /* Supporting Files */ = {
			isa = PBXGroup;
			children = (
				A68CDA5C1A9B927E00724D12 /* Info.plist */,
				A68CDA5D1A9B927E00724D12 /* main.m */,
			);
			name = "Supporting Files";
			sourceTree = "<group>";
		};
		A68CDA771A9B927E00724D12 /* kilotonTests */ = {
			isa = PBXGroup;
			children = (
				A68CDA7A1A9B927E00724D12 /* kilotonTests.m */,
				A68CDA781A9B927E00724D12 /* Supporting Files */,
			);
			path = kilotonTests;
			sourceTree = "<group>";
		};
		A68CDA781A9B927E00724D12 /* Supporting Files */ = {
			isa = PBXGroup;
			children = (
				A68CDA791A9B927E00724D12 /* Info.plist */,
			);
			name = "Supporting Files";
			sourceTree = "<group>";
		};
		C11FFDF4CBCED77FA9D8549F /* Pods */ = {
			isa = PBXGroup;
			children = (
				DB63F5910721A1FB9DFF1C8A /* Pods.debug.xcconfig */,
				41F698D9A20EEA210F43286C /* Pods.release.xcconfig */,
			);
			name = Pods;
			sourceTree = "<group>";
		};
/* End PBXGroup section */

/* Begin PBXNativeTarget section */
		A68CDA571A9B927E00724D12 /* kiloton */ = {
			isa = PBXNativeTarget;
			buildConfigurationList = A68CDA7E1A9B927E00724D12 /* Build configuration list for PBXNativeTarget "kiloton" */;
			buildPhases = (
				317975858EB80721C60B4295 /* Check Pods Manifest.lock */,
				A68CDA541A9B927E00724D12 /* Sources */,
				A68CDA551A9B927E00724D12 /* Frameworks */,
				A68CDA561A9B927E00724D12 /* Resources */,
				80B104D2129F4C1D6106173F /* Copy Pods Resources */,
			);
			buildRules = (
			);
			dependencies = (
			);
			name = kiloton;
			productName = kiloton;
			productReference = A68CDA581A9B927E00724D12 /* kiloton.app */;
			productType = "com.apple.product-type.application";
		};
		A68CDA731A9B927E00724D12 /* kilotonTests */ = {
			isa = PBXNativeTarget;
			buildConfigurationList = A68CDA811A9B927E00724D12 /* Build configuration list for PBXNativeTarget "kilotonTests" */;
			buildPhases = (
				A68CDA701A9B927E00724D12 /* Sources */,
				A68CDA711A9B927E00724D12 /* Frameworks */,
				A68CDA721A9B927E00724D12 /* Resources */,
			);
			buildRules = (
			);
			dependencies = (
				A68CDA761A9B927E00724D12 /* PBXTargetDependency */,
			);
			name = kilotonTests;
			productName = kilotonTests;
			productReference = A68CDA741A9B927E00724D12 /* kilotonTests.xctest */;
			productType = "com.apple.product-type.bundle.unit-test";
		};
/* End PBXNativeTarget section */

/* Begin PBXProject section */
		A68CDA501A9B927E00724D12 /* Project object */ = {
			isa = PBXProject;
			attributes = {
				LastUpgradeCheck = 0610;
				ORGANIZATIONNAME = nearsoft;
				TargetAttributes = {
					A68CDA571A9B927E00724D12 = {
						CreatedOnToolsVersion = 6.1;
					};
					A68CDA731A9B927E00724D12 = {
						CreatedOnToolsVersion = 6.1;
						TestTargetID = A68CDA571A9B927E00724D12;
					};
				};
			};
			buildConfigurationList = A68CDA531A9B927E00724D12 /* Build configuration list for PBXProject "kiloton" */;
			compatibilityVersion = "Xcode 3.2";
			developmentRegion = English;
			hasScannedForEncodings = 0;
			knownRegions = (
				en,
				Base,
			);
			mainGroup = A68CDA4F1A9B927E00724D12;
			productRefGroup = A68CDA591A9B927E00724D12 /* Products */;
			projectDirPath = "";
			projectRoot = "";
			targets = (
				A68CDA571A9B927E00724D12 /* kiloton */,
				A68CDA731A9B927E00724D12 /* kilotonTests */,
			);
		};
/* End PBXProject section */

/* Begin PBXResourcesBuildPhase section */
		A68CDA561A9B927E00724D12 /* Resources */ = {
			isa = PBXResourcesBuildPhase;
			buildActionMask = 2147483647;
			files = (
				A68CDA6A1A9B927E00724D12 /* Login.storyboard in Resources */,
				A66853DC1A9E4C4600463E06 /* Main.storyboard in Resources */,
				A68CDA6F1A9B927E00724D12 /* LaunchScreen.xib in Resources */,
				A662EEFB1A9E97EA00755425 /* HistoryCellTableViewCell.xib in Resources */,
				A68CDA6C1A9B927E00724D12 /* Images.xcassets in Resources */,
			);
			runOnlyForDeploymentPostprocessing = 0;
		};
		A68CDA721A9B927E00724D12 /* Resources */ = {
			isa = PBXResourcesBuildPhase;
			buildActionMask = 2147483647;
			files = (
			);
			runOnlyForDeploymentPostprocessing = 0;
		};
/* End PBXResourcesBuildPhase section */

/* Begin PBXShellScriptBuildPhase section */
		317975858EB80721C60B4295 /* Check Pods Manifest.lock */ = {
			isa = PBXShellScriptBuildPhase;
			buildActionMask = 2147483647;
			files = (
			);
			inputPaths = (
			);
			name = "Check Pods Manifest.lock";
			outputPaths = (
			);
			runOnlyForDeploymentPostprocessing = 0;
			shellPath = /bin/sh;
			shellScript = "diff \"${PODS_ROOT}/../Podfile.lock\" \"${PODS_ROOT}/Manifest.lock\" > /dev/null\nif [[ $? != 0 ]] ; then\n    cat << EOM\nerror: The sandbox is not in sync with the Podfile.lock. Run 'pod install' or update your CocoaPods installation.\nEOM\n    exit 1\nfi\n";
			showEnvVarsInLog = 0;
		};
		80B104D2129F4C1D6106173F /* Copy Pods Resources */ = {
			isa = PBXShellScriptBuildPhase;
			buildActionMask = 2147483647;
			files = (
			);
			inputPaths = (
			);
			name = "Copy Pods Resources";
			outputPaths = (
			);
			runOnlyForDeploymentPostprocessing = 0;
			shellPath = /bin/sh;
			shellScript = "\"${SRCROOT}/Pods/Target Support Files/Pods/Pods-resources.sh\"\n";
			showEnvVarsInLog = 0;
		};
/* End PBXShellScriptBuildPhase section */

/* Begin PBXSourcesBuildPhase section */
		A68CDA541A9B927E00724D12 /* Sources */ = {
			isa = PBXSourcesBuildPhase;
			buildActionMask = 2147483647;
			files = (
				A662EF011A9EA05D00755425 /* HistoryTableViewController.m in Sources */,
				A66853D61A9E496E00463E06 /* SprintModel.m in Sources */,
				A68EB0C51A9CEB8000130C45 /* UserModel.m in Sources */,
				A662EF0A1A9EA9EA00755425 /* UIView+RoundersCorners.m in Sources */,
				A68CDA611A9B927E00724D12 /* AppDelegate.m in Sources */,
				A662EEF31A9E75E000755425 /* CreateStatusViewController.m in Sources */,
				A662EEF01A9E600F00755425 /* StatusViewController.m in Sources */,
				A662EEF61A9E8F7700755425 /* InteractionsModel.m in Sources */,
				A66853D31A9E3EDA00463E06 /* KilotonModel.xcdatamodeld in Sources */,
				A68CDA671A9B927E00724D12 /* LoginViewController.m in Sources */,
				A68CDA5E1A9B927E00724D12 /* main.m in Sources */,
				A60CF8E11A9FF9D5003D26C1 /* RegistrationViewController.m in Sources */,
				A662EEFA1A9E97EA00755425 /* HistoryCellTableViewCell.m in Sources */,
			);
			runOnlyForDeploymentPostprocessing = 0;
		};
		A68CDA701A9B927E00724D12 /* Sources */ = {
			isa = PBXSourcesBuildPhase;
			buildActionMask = 2147483647;
			files = (
				A68CDA7B1A9B927E00724D12 /* kilotonTests.m in Sources */,
			);
			runOnlyForDeploymentPostprocessing = 0;
		};
/* End PBXSourcesBuildPhase section */

/* Begin PBXTargetDependency section */
		A68CDA761A9B927E00724D12 /* PBXTargetDependency */ = {
			isa = PBXTargetDependency;
			target = A68CDA571A9B927E00724D12 /* kiloton */;
			targetProxy = A68CDA751A9B927E00724D12 /* PBXContainerItemProxy */;
		};
/* End PBXTargetDependency section */

/* Begin PBXVariantGroup section */
		A68CDA681A9B927E00724D12 /* Login.storyboard */ = {
			isa = PBXVariantGroup;
			children = (
				A68CDA691A9B927E00724D12 /* Base */,
			);
			name = Login.storyboard;
			sourceTree = "<group>";
		};
		A68CDA6D1A9B927E00724D12 /* LaunchScreen.xib */ = {
			isa = PBXVariantGroup;
			children = (
				A68CDA6E1A9B927E00724D12 /* Base */,
			);
			name = LaunchScreen.xib;
			sourceTree = "<group>";
		};
/* End PBXVariantGroup section */

/* Begin XCBuildConfiguration section */
		A68CDA7C1A9B927E00724D12 /* Debug */ = {
			isa = XCBuildConfiguration;
			buildSettings = {
				ALWAYS_SEARCH_USER_PATHS = NO;
				CLANG_CXX_LANGUAGE_STANDARD = "gnu++0x";
				CLANG_CXX_LIBRARY = "libc++";
				CLANG_ENABLE_MODULES = YES;
				CLANG_ENABLE_OBJC_ARC = YES;
				CLANG_WARN_BOOL_CONVERSION = YES;
				CLANG_WARN_CONSTANT_CONVERSION = YES;
				CLANG_WARN_DIRECT_OBJC_ISA_USAGE = YES_ERROR;
				CLANG_WARN_EMPTY_BODY = YES;
				CLANG_WARN_ENUM_CONVERSION = YES;
				CLANG_WARN_INT_CONVERSION = YES;
				CLANG_WARN_OBJC_ROOT_CLASS = YES_ERROR;
				CLANG_WARN_UNREACHABLE_CODE = YES;
				CLANG_WARN__DUPLICATE_METHOD_MATCH = YES;
				"CODE_SIGN_IDENTITY[sdk=iphoneos*]" = "iPhone Developer";
				COPY_PHASE_STRIP = NO;
				ENABLE_STRICT_OBJC_MSGSEND = YES;
				GCC_C_LANGUAGE_STANDARD = gnu99;
				GCC_DYNAMIC_NO_PIC = NO;
				GCC_OPTIMIZATION_LEVEL = 0;
				GCC_PREPROCESSOR_DEFINITIONS = (
					"DEBUG=1",
					"$(inherited)",
				);
				GCC_SYMBOLS_PRIVATE_EXTERN = NO;
				GCC_WARN_64_TO_32_BIT_CONVERSION = YES;
				GCC_WARN_ABOUT_RETURN_TYPE = YES_ERROR;
				GCC_WARN_UNDECLARED_SELECTOR = YES;
				GCC_WARN_UNINITIALIZED_AUTOS = YES_AGGRESSIVE;
				GCC_WARN_UNUSED_FUNCTION = YES;
				GCC_WARN_UNUSED_VARIABLE = YES;
				IPHONEOS_DEPLOYMENT_TARGET = 8.1;
				MTL_ENABLE_DEBUG_INFO = YES;
				ONLY_ACTIVE_ARCH = YES;
				SDKROOT = iphoneos;
			};
			name = Debug;
		};
		A68CDA7D1A9B927E00724D12 /* Release */ = {
			isa = XCBuildConfiguration;
			buildSettings = {
				ALWAYS_SEARCH_USER_PATHS = NO;
				CLANG_CXX_LANGUAGE_STANDARD = "gnu++0x";
				CLANG_CXX_LIBRARY = "libc++";
				CLANG_ENABLE_MODULES = YES;
				CLANG_ENABLE_OBJC_ARC = YES;
				CLANG_WARN_BOOL_CONVERSION = YES;
				CLANG_WARN_CONSTANT_CONVERSION = YES;
				CLANG_WARN_DIRECT_OBJC_ISA_USAGE = YES_ERROR;
				CLANG_WARN_EMPTY_BODY = YES;
				CLANG_WARN_ENUM_CONVERSION = YES;
				CLANG_WARN_INT_CONVERSION = YES;
				CLANG_WARN_OBJC_ROOT_CLASS = YES_ERROR;
				CLANG_WARN_UNREACHABLE_CODE = YES;
				CLANG_WARN__DUPLICATE_METHOD_MATCH = YES;
				"CODE_SIGN_IDENTITY[sdk=iphoneos*]" = "iPhone Developer";
				COPY_PHASE_STRIP = YES;
				ENABLE_NS_ASSERTIONS = NO;
				ENABLE_STRICT_OBJC_MSGSEND = YES;
				GCC_C_LANGUAGE_STANDARD = gnu99;
				GCC_WARN_64_TO_32_BIT_CONVERSION = YES;
				GCC_WARN_ABOUT_RETURN_TYPE = YES_ERROR;
				GCC_WARN_UNDECLARED_SELECTOR = YES;
				GCC_WARN_UNINITIALIZED_AUTOS = YES_AGGRESSIVE;
				GCC_WARN_UNUSED_FUNCTION = YES;
				GCC_WARN_UNUSED_VARIABLE = YES;
				IPHONEOS_DEPLOYMENT_TARGET = 8.1;
				MTL_ENABLE_DEBUG_INFO = NO;
				SDKROOT = iphoneos;
				VALIDATE_PRODUCT = YES;
			};
			name = Release;
		};
		A68CDA7F1A9B927E00724D12 /* Debug */ = {
			isa = XCBuildConfiguration;
			baseConfigurationReference = DB63F5910721A1FB9DFF1C8A /* Pods.debug.xcconfig */;
			buildSettings = {
				ASSETCATALOG_COMPILER_APPICON_NAME = AppIcon;
				INFOPLIST_FILE = kiloton/Info.plist;
				LD_RUNPATH_SEARCH_PATHS = "$(inherited) @executable_path/Frameworks";
				PRODUCT_NAME = "$(TARGET_NAME)";
			};
			name = Debug;
		};
		A68CDA801A9B927E00724D12 /* Release */ = {
			isa = XCBuildConfiguration;
			baseConfigurationReference = 41F698D9A20EEA210F43286C /* Pods.release.xcconfig */;
			buildSettings = {
				ASSETCATALOG_COMPILER_APPICON_NAME = AppIcon;
				INFOPLIST_FILE = kiloton/Info.plist;
				LD_RUNPATH_SEARCH_PATHS = "$(inherited) @executable_path/Frameworks";
				PRODUCT_NAME = "$(TARGET_NAME)";
			};
			name = Release;
		};
		A68CDA821A9B927E00724D12 /* Debug */ = {
			isa = XCBuildConfiguration;
			buildSettings = {
				BUNDLE_LOADER = "$(TEST_HOST)";
				FRAMEWORK_SEARCH_PATHS = (
					"$(SDKROOT)/Developer/Library/Frameworks",
					"$(inherited)",
				);
				GCC_PREPROCESSOR_DEFINITIONS = (
					"DEBUG=1",
					"$(inherited)",
				);
				INFOPLIST_FILE = kilotonTests/Info.plist;
				LD_RUNPATH_SEARCH_PATHS = "$(inherited) @executable_path/Frameworks @loader_path/Frameworks";
				PRODUCT_NAME = "$(TARGET_NAME)";
				TEST_HOST = "$(BUILT_PRODUCTS_DIR)/kiloton.app/kiloton";
			};
			name = Debug;
		};
		A68CDA831A9B927E00724D12 /* Release */ = {
			isa = XCBuildConfiguration;
			buildSettings = {
				BUNDLE_LOADER = "$(TEST_HOST)";
				FRAMEWORK_SEARCH_PATHS = (
					"$(SDKROOT)/Developer/Library/Frameworks",
					"$(inherited)",
				);
				INFOPLIST_FILE = kilotonTests/Info.plist;
				LD_RUNPATH_SEARCH_PATHS = "$(inherited) @executable_path/Frameworks @loader_path/Frameworks";
				PRODUCT_NAME = "$(TARGET_NAME)";
				TEST_HOST = "$(BUILT_PRODUCTS_DIR)/kiloton.app/kiloton";
			};
			name = Release;
		};
/* End XCBuildConfiguration section */

/* Begin XCConfigurationList section */
		A68CDA531A9B927E00724D12 /* Build configuration list for PBXProject "kiloton" */ = {
			isa = XCConfigurationList;
			buildConfigurations = (
				A68CDA7C1A9B927E00724D12 /* Debug */,
				A68CDA7D1A9B927E00724D12 /* Release */,
			);
			defaultConfigurationIsVisible = 0;
			defaultConfigurationName = Release;
		};
		A68CDA7E1A9B927E00724D12 /* Build configuration list for PBXNativeTarget "kiloton" */ = {
			isa = XCConfigurationList;
			buildConfigurations = (
				A68CDA7F1A9B927E00724D12 /* Debug */,
				A68CDA801A9B927E00724D12 /* Release */,
			);
			defaultConfigurationIsVisible = 0;
			defaultConfigurationName = Release;
		};
		A68CDA811A9B927E00724D12 /* Build configuration list for PBXNativeTarget "kilotonTests" */ = {
			isa = XCConfigurationList;
			buildConfigurations = (
				A68CDA821A9B927E00724D12 /* Debug */,
				A68CDA831A9B927E00724D12 /* Release */,
			);
			defaultConfigurationIsVisible = 0;
			defaultConfigurationName = Release;
		};
/* End XCConfigurationList section */

/* Begin XCVersionGroup section */
		A66853D11A9E3EDA00463E06 /* KilotonModel.xcdatamodeld */ = {
			isa = XCVersionGroup;
			children = (
				A66853D21A9E3EDA00463E06 /* KilotonModel.xcdatamodel */,
			);
			currentVersion = A66853D21A9E3EDA00463E06 /* KilotonModel.xcdatamodel */;
			path = KilotonModel.xcdatamodeld;
			sourceTree = "<group>";
			versionGroupType = wrapper.xcdatamodel;
		};
/* End XCVersionGroup section */
	};
	rootObject = A68CDA501A9B927E00724D12 /* Project object */;
}
